
Microsoft Visual Studio Solution File, Format Version 12.00
# Visual Studio Version 17
VisualStudioVersion = 17.13.35421.238
MinimumVisualStudioVersion = 10.0.40219.1
Project("{FAE04EC0-301F-11D3-BF4B-00C04F79EFBC}") = "ImageGallery.AppHost", "ImageGallery.AppHost\ImageGallery.AppHost.csproj", "{B157326A-F608-4281-A12D-0673A7B9BE1E}"
EndProject
Project("{FAE04EC0-301F-11D3-BF4B-00C04F79EFBC}") = "ImageGallery.ServiceDefaults", "ImageGallery.ServiceDefaults\ImageGallery.ServiceDefaults.csproj", "{44BA3EC9-6F33-4FF9-A739-E78809E782F4}"
EndProject
Project("{FAE04EC0-301F-11D3-BF4B-00C04F79EFBC}") = "ImageGallery.FrontEnd", "ImageGallery.FrontEnd\ImageGallery.FrontEnd.csproj", "{A57780CB-E209-1E19-D14E-9ACA2D8EF9E0}"
EndProject
Project("{FAE04EC0-301F-11D3-BF4B-00C04F79EFBC}") = "ImageGallery.Functions", "ImageGallery.Functions\ImageGallery.Functions.csproj", "{595BA3DA-1F49-E29F-9EEF-67F208592D47}"
EndProject
Project("{FAE04EC0-301F-11D3-BF4B-00C04F79EFBC}") = "ImageGallery.Shared", "ImageGallery.Shared\ImageGallery.Shared.csproj", "{F12BA71A-6D4D-4502-882A-1622AA1AD9BA}"
EndProject
Global
	GlobalSection(SolutionConfigurationPlatforms) = preSolution
		Debug|Any CPU = Debug|Any CPU
		Release|Any CPU = Release|Any CPU
	EndGlobalSection
	GlobalSection(ProjectConfigurationPlatforms) = postSolution
		{B157326A-F608-4281-A12D-0673A7B9BE1E}.Debug|Any CPU.ActiveCfg = Debug|Any CPU
		{B157326A-F608-4281-A12D-0673A7B9BE1E}.Debug|Any CPU.Build.0 = Debug|Any CPU
		{B157326A-F608-4281-A12D-0673A7B9BE1E}.Release|Any CPU.ActiveCfg = Release|Any CPU
		{B157326A-F608-4281-A12D-0673A7B9BE1E}.Release|Any CPU.Build.0 = Release|Any CPU
		{44BA3EC9-6F33-4FF9-A739-E78809E782F4}.Debug|Any CPU.ActiveCfg = Debug|Any CPU
		{44BA3EC9-6F33-4FF9-A739-E78809E782F4}.Debug|Any CPU.Build.0 = Debug|Any CPU
		{44BA3EC9-6F33-4FF9-A739-E78809E782F4}.Release|Any CPU.ActiveCfg = Release|Any CPU
		{44BA3EC9-6F33-4FF9-A739-E78809E782F4}.Release|Any CPU.Build.0 = Release|Any CPU
		{A57780CB-E209-1E19-D14E-9ACA2D8EF9E0}.Debug|Any CPU.ActiveCfg = Debug|Any CPU
		{A57780CB-E209-1E19-D14E-9ACA2D8EF9E0}.Debug|Any CPU.Build.0 = Debug|Any CPU
		{A57780CB-E209-1E19-D14E-9ACA2D8EF9E0}.Release|Any CPU.ActiveCfg = Release|Any CPU
		{A57780CB-E209-1E19-D14E-9ACA2D8EF9E0}.Release|Any CPU.Build.0 = Release|Any CPU
		{595BA3DA-1F49-E29F-9EEF-67F208592D47}.Debug|Any CPU.ActiveCfg = Debug|Any CPU
		{595BA3DA-1F49-E29F-9EEF-67F208592D47}.Debug|Any CPU.Build.0 = Debug|Any CPU
		{595BA3DA-1F49-E29F-9EEF-67F208592D47}.Release|Any CPU.ActiveCfg = Release|Any CPU
		{595BA3DA-1F49-E29F-9EEF-67F208592D47}.Release|Any CPU.Build.0 = Release|Any CPU
		{F12BA71A-6D4D-4502-882A-1622AA1AD9BA}.Debug|Any CPU.ActiveCfg = Debug|Any CPU
		{F12BA71A-6D4D-4502-882A-1622AA1AD9BA}.Debug|Any CPU.Build.0 = Debug|Any CPU
		{F12BA71A-6D4D-4502-882A-1622AA1AD9BA}.Release|Any CPU.ActiveCfg = Release|Any CPU
		{F12BA71A-6D4D-4502-882A-1622AA1AD9BA}.Release|Any CPU.Build.0 = Release|Any CPU
	EndGlobalSection
	GlobalSection(SolutionProperties) = preSolution
		HideSolutionNode = FALSE
	EndGlobalSection
	GlobalSection(ExtensibilityGlobals) = postSolution
		SolutionGuid = {AFD85CE5-7779-4A29-A6C5-C5CFBF908D8A}
	EndGlobalSection
EndGlobal
