
Microsoft Visual Studio Solution File, Format Version 12.00
# Visual Studio Version 17
VisualStudioVersion = 17.10.34727.303
MinimumVisualStudioVersion = 10.0.40219.1
Project("{FAE04EC0-301F-11D3-BF4B-00C04F79EFBC}") = "SamplesIntegrationTests", "SamplesIntegrationTests\SamplesIntegrationTests.csproj", "{7C0C66EE-1D80-4172-8706-B91379706A9F}"
EndProject
Global
	GlobalSection(SolutionConfigurationPlatforms) = preSolution
		Debug|Any CPU = Debug|Any CPU
		Release|Any CPU = Release|Any CPU
	EndGlobalSection
	GlobalSection(ProjectConfigurationPlatforms) = postSolution
		{7C0C66EE-1D80-4172-8706-B91379706A9F}.Debug|Any CPU.ActiveCfg = Debug|Any CPU
		{7C0C66EE-1D80-4172-8706-B91379706A9F}.Debug|Any CPU.Build.0 = Debug|Any CPU
		{7C0C66EE-1D80-4172-8706-B91379706A9F}.Release|Any CPU.ActiveCfg = Release|Any CPU
		{7C0C66EE-1D80-4172-8706-B91379706A9F}.Release|Any CPU.Build.0 = Release|Any CPU
	EndGlobalSection
	GlobalSection(SolutionProperties) = preSolution
		HideSolutionNode = FALSE
	EndGlobalSection
	GlobalSection(ExtensibilityGlobals) = postSolution
		SolutionGuid = {294439E6-0271-4138-B14A-6F71FB95C943}
	EndGlobalSection
EndGlobal
