
Microsoft Visual Studio Solution File, Format Version 12.00
# Visual Studio Version 17
VisualStudioVersion = 17.9.34407.89
MinimumVisualStudioVersion = 10.0.40219.1
Project("{9A19103F-16F7-4668-BE54-9A1E7A4F7556}") = "Aspire.AppHost", "Aspire\Aspire.AppHost\Aspire.AppHost.csproj", "{402C833F-9FCE-4557-84D4-3AAAF74C8DE8}"
EndProject
Project("{9A19103F-16F7-4668-BE54-9A1E7A4F7556}") = "Aspire.ServiceDefaults", "Aspire\Aspire.ServiceDefaults\Aspire.ServiceDefaults.csproj", "{DE2BA7D5-D4FE-446E-AED3-771C7BDF5CAD}"
EndProject
Project("{9A19103F-16F7-4668-BE54-9A1E7A4F7556}") = "OrchardCore.Cms", "OrchardCore.Cms\OrchardCore.Cms.csproj", "{58DC94EA-7B87-4FA9-B3D1-E20AD89E5692}"
EndProject
Project("{9A19103F-16F7-4668-BE54-9A1E7A4F7556}") = "OrchardCore.Mvc", "OrchardCore.Mvc\OrchardCore.Mvc.csproj", "{54B7339E-AB80-4E01-B102-753A2420D695}"
EndProject
Global
	GlobalSection(SolutionConfigurationPlatforms) = preSolution
		Debug|Any CPU = Debug|Any CPU
		Release|Any CPU = Release|Any CPU
	EndGlobalSection
	GlobalSection(ProjectConfigurationPlatforms) = postSolution
		{402C833F-9FCE-4557-84D4-3AAAF74C8DE8}.Debug|Any CPU.ActiveCfg = Debug|Any CPU
		{402C833F-9FCE-4557-84D4-3AAAF74C8DE8}.Debug|Any CPU.Build.0 = Debug|Any CPU
		{402C833F-9FCE-4557-84D4-3AAAF74C8DE8}.Release|Any CPU.ActiveCfg = Release|Any CPU
		{402C833F-9FCE-4557-84D4-3AAAF74C8DE8}.Release|Any CPU.Build.0 = Release|Any CPU
		{DE2BA7D5-D4FE-446E-AED3-771C7BDF5CAD}.Debug|Any CPU.ActiveCfg = Debug|Any CPU
		{DE2BA7D5-D4FE-446E-AED3-771C7BDF5CAD}.Debug|Any CPU.Build.0 = Debug|Any CPU
		{DE2BA7D5-D4FE-446E-AED3-771C7BDF5CAD}.Release|Any CPU.ActiveCfg = Release|Any CPU
		{DE2BA7D5-D4FE-446E-AED3-771C7BDF5CAD}.Release|Any CPU.Build.0 = Release|Any CPU
		{58DC94EA-7B87-4FA9-B3D1-E20AD89E5692}.Debug|Any CPU.ActiveCfg = Debug|Any CPU
		{58DC94EA-7B87-4FA9-B3D1-E20AD89E5692}.Debug|Any CPU.Build.0 = Debug|Any CPU
		{58DC94EA-7B87-4FA9-B3D1-E20AD89E5692}.Release|Any CPU.ActiveCfg = Release|Any CPU
		{58DC94EA-7B87-4FA9-B3D1-E20AD89E5692}.Release|Any CPU.Build.0 = Release|Any CPU
		{54B7339E-AB80-4E01-B102-753A2420D695}.Debug|Any CPU.ActiveCfg = Debug|Any CPU
		{54B7339E-AB80-4E01-B102-753A2420D695}.Debug|Any CPU.Build.0 = Debug|Any CPU
		{54B7339E-AB80-4E01-B102-753A2420D695}.Release|Any CPU.ActiveCfg = Release|Any CPU
		{54B7339E-AB80-4E01-B102-753A2420D695}.Release|Any CPU.Build.0 = Release|Any CPU
	EndGlobalSection
	GlobalSection(SolutionProperties) = preSolution
		HideSolutionNode = FALSE
	EndGlobalSection
	GlobalSection(ExtensibilityGlobals) = postSolution
		SolutionGuid = {77E10717-33F7-4C6D-94C3-9426C68D966C}
	EndGlobalSection
EndGlobal
