
Microsoft Visual Studio Solution File, Format Version 12.00
# Visual Studio Version 17
VisualStudioVersion = 17.9.34407.89
MinimumVisualStudioVersion = 10.0.40219.1
Project("{9A19103F-16F7-4668-BE54-9A1E7A4F7556}") = "Aspire.AppHost", "Aspire\Aspire.AppHost\Aspire.AppHost.csproj", "{402C833F-9FCE-4557-84D4-3AAAF74C8DE8}"
EndProject
Project("{9A19103F-16F7-4668-BE54-9A1E7A4F7556}") = "Aspire.ServiceDefaults", "Aspire\Aspire.ServiceDefaults\Aspire.ServiceDefaults.csproj", "{DE2BA7D5-D4FE-446E-AED3-771C7BDF5CAD}"
EndProject
Project("{9A19103F-16F7-4668-BE54-9A1E7A4F7556}") = "OrchardCore.Cms", "OrchardCore.Cms\OrchardCore.Cms.csproj", "{58DC94EA-7B87-4FA9-B3D1-E20AD89E5692}"
EndProject
Project("{9A19103F-16F7-4668-BE54-9A1E7A4F7556}") = "OrchardCore.Mvc", "OrchardCore.Mvc\OrchardCore.Mvc.csproj", "{54B7339E-AB80-4E01-B102-753A2420D695}"
EndProject
Project("{2150E333-8FDC-42A3-9474-1A3956D46DE8}") = "Mvc", "Mvc", "{23861BF1-D68E-43F4-BC57-457051E326C9}"
EndProject
Project("{2150E333-8FDC-42A3-9474-1A3956D46DE8}") = "Modules", "Modules", "{977106FF-F50C-44E3-916E-D99F7B9D5A23}"
EndProject
Project("{2150E333-8FDC-42A3-9474-1A3956D46DE8}") = "Aspire", "Aspire", "{BC067F5D-BBC3-4159-9A65-F2B105BC0758}"
EndProject
Project("{2150E333-8FDC-42A3-9474-1A3956D46DE8}") = "Cms", "Cms", "{D6EEA682-36AD-4F36-A81C-302DCB3004F7}"
EndProject
Project("{9A19103F-16F7-4668-BE54-9A1E7A4F7556}") = "OrchardCore.Mvc.HelloWorld", "OrchardCore.Mvc.HelloWorld\OrchardCore.Mvc.HelloWorld.csproj", "{789378F1-5C72-4C5C-8153-9DDD7DB2C908}"
EndProject
Global
	GlobalSection(SolutionConfigurationPlatforms) = preSolution
		Debug|Any CPU = Debug|Any CPU
		Release|Any CPU = Release|Any CPU
	EndGlobalSection
	GlobalSection(ProjectConfigurationPlatforms) = postSolution
		{402C833F-9FCE-4557-84D4-3AAAF74C8DE8}.Debug|Any CPU.ActiveCfg = Debug|Any CPU
		{402C833F-9FCE-4557-84D4-3AAAF74C8DE8}.Debug|Any CPU.Build.0 = Debug|Any CPU
		{402C833F-9FCE-4557-84D4-3AAAF74C8DE8}.Release|Any CPU.ActiveCfg = Release|Any CPU
		{402C833F-9FCE-4557-84D4-3AAAF74C8DE8}.Release|Any CPU.Build.0 = Release|Any CPU
		{DE2BA7D5-D4FE-446E-AED3-771C7BDF5CAD}.Debug|Any CPU.ActiveCfg = Debug|Any CPU
		{DE2BA7D5-D4FE-446E-AED3-771C7BDF5CAD}.Debug|Any CPU.Build.0 = Debug|Any CPU
		{DE2BA7D5-D4FE-446E-AED3-771C7BDF5CAD}.Release|Any CPU.ActiveCfg = Release|Any CPU
		{DE2BA7D5-D4FE-446E-AED3-771C7BDF5CAD}.Release|Any CPU.Build.0 = Release|Any CPU
		{58DC94EA-7B87-4FA9-B3D1-E20AD89E5692}.Debug|Any CPU.ActiveCfg = Debug|Any CPU
		{58DC94EA-7B87-4FA9-B3D1-E20AD89E5692}.Debug|Any CPU.Build.0 = Debug|Any CPU
		{58DC94EA-7B87-4FA9-B3D1-E20AD89E5692}.Release|Any CPU.ActiveCfg = Release|Any CPU
		{58DC94EA-7B87-4FA9-B3D1-E20AD89E5692}.Release|Any CPU.Build.0 = Release|Any CPU
		{54B7339E-AB80-4E01-B102-753A2420D695}.Debug|Any CPU.ActiveCfg = Debug|Any CPU
		{54B7339E-AB80-4E01-B102-753A2420D695}.Debug|Any CPU.Build.0 = Debug|Any CPU
		{54B7339E-AB80-4E01-B102-753A2420D695}.Release|Any CPU.ActiveCfg = Release|Any CPU
		{54B7339E-AB80-4E01-B102-753A2420D695}.Release|Any CPU.Build.0 = Release|Any CPU
		{789378F1-5C72-4C5C-8153-9DDD7DB2C908}.Debug|Any CPU.ActiveCfg = Debug|Any CPU
		{789378F1-5C72-4C5C-8153-9DDD7DB2C908}.Debug|Any CPU.Build.0 = Debug|Any CPU
		{789378F1-5C72-4C5C-8153-9DDD7DB2C908}.Release|Any CPU.ActiveCfg = Release|Any CPU
		{789378F1-5C72-4C5C-8153-9DDD7DB2C908}.Release|Any CPU.Build.0 = Release|Any CPU
	EndGlobalSection
	GlobalSection(SolutionProperties) = preSolution
		HideSolutionNode = FALSE
	EndGlobalSection
	GlobalSection(NestedProjects) = preSolution
		{402C833F-9FCE-4557-84D4-3AAAF74C8DE8} = {BC067F5D-BBC3-4159-9A65-F2B105BC0758}
		{DE2BA7D5-D4FE-446E-AED3-771C7BDF5CAD} = {BC067F5D-BBC3-4159-9A65-F2B105BC0758}
		{58DC94EA-7B87-4FA9-B3D1-E20AD89E5692} = {D6EEA682-36AD-4F36-A81C-302DCB3004F7}
		{54B7339E-AB80-4E01-B102-753A2420D695} = {23861BF1-D68E-43F4-BC57-457051E326C9}
		{977106FF-F50C-44E3-916E-D99F7B9D5A23} = {23861BF1-D68E-43F4-BC57-457051E326C9}
		{789378F1-5C72-4C5C-8153-9DDD7DB2C908} = {977106FF-F50C-44E3-916E-D99F7B9D5A23}
	EndGlobalSection
	GlobalSection(ExtensibilityGlobals) = postSolution
		SolutionGuid = {77E10717-33F7-4C6D-94C3-9426C68D966C}
	EndGlobalSection
EndGlobal
